Microsoft Visual Studio Solution File, Format Version 12.00
# Visual Studio Version 17
VisualStudioVersion = 17.0.31903.59
MinimumVisualStudioVersion = 10.0.40219.1
Project("{FAE04EC0-301F-11D3-BF4B-00C04F79EFBC}") = "DesktopPet.Domain", "src\DesktopPet.Domain\DesktopPet.Domain.csproj", "{5190C05F-891F-4C36-9C3A-000000000001}"
EndProject
Project("{FAE04EC0-301F-11D3-BF4B-00C04F79EFBC}") = "DesktopPet.CharacterSdk", "src\DesktopPet.CharacterSdk\DesktopPet.CharacterSdk.csproj", "{5190C05F-891F-4C36-9C3A-000000000002}"
EndProject
Project("{FAE04EC0-301F-11D3-BF4B-00C04F79EFBC}") = "DesktopPet.Application", "src\DesktopPet.Application\DesktopPet.Application.csproj", "{5190C05F-891F-4C36-9C3A-000000000003}"
EndProject
Project("{FAE04EC0-301F-11D3-BF4B-00C04F79EFBC}") = "DesktopPet.Infrastructure", "src\DesktopPet.Infrastructure\DesktopPet.Infrastructure.csproj", "{5190C05F-891F-4C36-9C3A-000000000004}"
EndProject
Project("{FAE04EC0-301F-11D3-BF4B-00C04F79EFBC}") = "DesktopPet.Windows", "src\DesktopPet.Windows\DesktopPet.Windows.csproj", "{5190C05F-891F-4C36-9C3A-000000000005}"
EndProject
Project("{FAE04EC0-301F-11D3-BF4B-00C04F79EFBC}") = "DesktopPet.AI", "src\DesktopPet.AI\DesktopPet.AI.csproj", "{5190C05F-891F-4C36-9C3A-000000000006}"
EndProject
Project("{FAE04EC0-301F-11D3-BF4B-00C04F79EFBC}") = "DesktopPet.App", "src\DesktopPet.App\DesktopPet.App.csproj", "{5190C05F-891F-4C36-9C3A-000000000007}"
EndProject
Project("{FAE04EC0-301F-11D3-BF4B-00C04F79EFBC}") = "DesktopPet.Tests.Unit", "tests\DesktopPet.Tests.Unit\DesktopPet.Tests.Unit.csproj", "{5190C05F-891F-4C36-9C3A-000000000008}"
EndProject
Project("{FAE04EC0-301F-11D3-BF4B-00C04F79EFBC}") = "DesktopPet.Tests.Integration", "tests\DesktopPet.Tests.Integration\DesktopPet.Tests.Integration.csproj", "{5190C05F-891F-4C36-9C3A-000000000009}"
EndProject
Global
	GlobalSection(SolutionConfigurationPlatforms) = preSolution
		Debug|Any CPU = Debug|Any CPU
		Release|Any CPU = Release|Any CPU
	EndGlobalSection
	GlobalSection(ProjectConfigurationPlatforms) = postSolution
		{5190C05F-891F-4C36-9C3A-000000000001}.Debug|Any CPU.ActiveCfg = Debug|Any CPU
		{5190C05F-891F-4C36-9C3A-000000000001}.Debug|Any CPU.Build.0 = Debug|Any CPU
		{5190C05F-891F-4C36-9C3A-000000000001}.Release|Any CPU.ActiveCfg = Release|Any CPU
		{5190C05F-891F-4C36-9C3A-000000000001}.Release|Any CPU.Build.0 = Release|Any CPU
		{5190C05F-891F-4C36-9C3A-000000000002}.Debug|Any CPU.ActiveCfg = Debug|Any CPU
		{5190C05F-891F-4C36-9C3A-000000000002}.Debug|Any CPU.Build.0 = Debug|Any CPU
		{5190C05F-891F-4C36-9C3A-000000000002}.Release|Any CPU.ActiveCfg = Release|Any CPU
		{5190C05F-891F-4C36-9C3A-000000000002}.Release|Any CPU.Build.0 = Release|Any CPU
		{5190C05F-891F-4C36-9C3A-000000000003}.Debug|Any CPU.ActiveCfg = Debug|Any CPU
		{5190C05F-891F-4C36-9C3A-000000000003}.Debug|Any CPU.Build.0 = Debug|Any CPU
		{5190C05F-891F-4C36-9C3A-000000000003}.Release|Any CPU.ActiveCfg = Release|Any CPU
		{5190C05F-891F-4C36-9C3A-000000000003}.Release|Any CPU.Build.0 = Release|Any CPU
		{5190C05F-891F-4C36-9C3A-000000000004}.Debug|Any CPU.ActiveCfg = Debug|Any CPU
		{5190C05F-891F-4C36-9C3A-000000000004}.Debug|Any CPU.Build.0 = Debug|Any CPU
		{5190C05F-891F-4C36-9C3A-000000000004}.Release|Any CPU.ActiveCfg = Release|Any CPU
		{5190C05F-891F-4C36-9C3A-000000000004}.Release|Any CPU.Build.0 = Release|Any CPU
		{5190C05F-891F-4C36-9C3A-000000000005}.Debug|Any CPU.ActiveCfg = Debug|Any CPU
		{5190C05F-891F-4C36-9C3A-000000000005}.Debug|Any CPU.Build.0 = Debug|Any CPU
		{5190C05F-891F-4C36-9C3A-000000000005}.Release|Any CPU.ActiveCfg = Release|Any CPU
		{5190C05F-891F-4C36-9C3A-000000000005}.Release|Any CPU.Build.0 = Release|Any CPU
		{5190C05F-891F-4C36-9C3A-000000000006}.Debug|Any CPU.ActiveCfg = Debug|Any CPU
		{5190C05F-891F-4C36-9C3A-000000000006}.Debug|Any CPU.Build.0 = Debug|Any CPU
		{5190C05F-891F-4C36-9C3A-000000000006}.Release|Any CPU.ActiveCfg = Release|Any CPU
		{5190C05F-891F-4C36-9C3A-000000000006}.Release|Any CPU.Build.0 = Release|Any CPU
		{5190C05F-891F-4C36-9C3A-000000000007}.Debug|Any CPU.ActiveCfg = Debug|Any CPU
		{5190C05F-891F-4C36-9C3A-000000000007}.Debug|Any CPU.Build.0 = Debug|Any CPU
		{5190C05F-891F-4C36-9C3A-000000000007}.Release|Any CPU.ActiveCfg = Release|Any CPU
		{5190C05F-891F-4C36-9C3A-000000000007}.Release|Any CPU.Build.0 = Release|Any CPU
		{5190C05F-891F-4C36-9C3A-000000000008}.Debug|Any CPU.ActiveCfg = Debug|Any CPU
		{5190C05F-891F-4C36-9C3A-000000000008}.Debug|Any CPU.Build.0 = Debug|Any CPU
		{5190C05F-891F-4C36-9C3A-000000000008}.Release|Any CPU.ActiveCfg = Release|Any CPU
		{5190C05F-891F-4C36-9C3A-000000000008}.Release|Any CPU.Build.0 = Release|Any CPU
		{5190C05F-891F-4C36-9C3A-000000000009}.Debug|Any CPU.ActiveCfg = Debug|Any CPU
		{5190C05F-891F-4C36-9C3A-000000000009}.Debug|Any CPU.Build.0 = Debug|Any CPU
		{5190C05F-891F-4C36-9C3A-000000000009}.Release|Any CPU.ActiveCfg = Release|Any CPU
		{5190C05F-891F-4C36-9C3A-000000000009}.Release|Any CPU.Build.0 = Release|Any CPU
	EndGlobalSection
EndGlobal
